
Microsoft Visual Studio Solution File, Format Version 12.00
Project("{FAE04EC0-301F-11D3-BF4B-00C04F79EFBC}") = "WebAPI.API", "WebAPI.API\WebAPI.API.csproj", "{A16C6761-BA10-4105-92AB-A33597207BFB}"
EndProject
Project("{FAE04EC0-301F-11D3-BF4B-00C04F79EFBC}") = "WebAPI.Application", "WebAPI.Application\WebAPI.Application.csproj", "{48642A98-F033-4A19-9D0B-BE0C107B96F9}"
EndProject
Global
	GlobalSection(SolutionConfigurationPlatforms) = preSolution
		Debug|Any CPU = Debug|Any CPU
		Release|Any CPU = Release|Any CPU
	EndGlobalSection
	GlobalSection(ProjectConfigurationPlatforms) = postSolution
		{A16C6761-BA10-4105-92AB-A33597207BFB}.Debug|Any CPU.ActiveCfg = Debug|Any CPU
		{A16C6761-BA10-4105-92AB-A33597207BFB}.Debug|Any CPU.Build.0 = Debug|Any CPU
		{A16C6761-BA10-4105-92AB-A33597207BFB}.Release|Any CPU.ActiveCfg = Release|Any CPU
		{A16C6761-BA10-4105-92AB-A33597207BFB}.Release|Any CPU.Build.0 = Release|Any CPU
		{48642A98-F033-4A19-9D0B-BE0C107B96F9}.Debug|Any CPU.ActiveCfg = Debug|Any CPU
		{48642A98-F033-4A19-9D0B-BE0C107B96F9}.Debug|Any CPU.Build.0 = Debug|Any CPU
		{48642A98-F033-4A19-9D0B-BE0C107B96F9}.Release|Any CPU.ActiveCfg = Release|Any CPU
		{48642A98-F033-4A19-9D0B-BE0C107B96F9}.Release|Any CPU.Build.0 = Release|Any CPU
	EndGlobalSection
EndGlobal
